
Microsoft Visual Studio Solution File, Format Version 12.00
# Visual Studio Version 17
VisualStudioVersion = 17.8.34330.188
MinimumVisualStudioVersion = 10.0.40219.1
Project("{888888A0-9F3D-457C-B088-3A5042F75D52}") = "WebpGone", "WebpGone\WebpGone.pyproj", "{C7E8ABA2-658A-4680-8B41-0E080B44EF88}"
EndProject
Global
	GlobalSection(SolutionConfigurationPlatforms) = preSolution
		Debug|Any CPU = Debug|Any CPU
		Release|Any CPU = Release|Any CPU
	EndGlobalSection
	GlobalSection(ProjectConfigurationPlatforms) = postSolution
		{C7E8ABA2-658A-4680-8B41-0E080B44EF88}.Debug|Any CPU.ActiveCfg = Debug|Any CPU
		{C7E8ABA2-658A-4680-8B41-0E080B44EF88}.Release|Any CPU.ActiveCfg = Release|Any CPU
	EndGlobalSection
	GlobalSection(SolutionProperties) = preSolution
		HideSolutionNode = FALSE
	EndGlobalSection
	GlobalSection(ExtensibilityGlobals) = postSolution
		SolutionGuid = {50A2EC0A-FCE7-4C86-8526-7AB0C41EB9CD}
	EndGlobalSection
EndGlobal
